
Microsoft Visual Studio Solution File, Format Version 12.00
# Visual Studio 15
VisualStudioVersion = 15.0.27428.2037
MinimumVisualStudioVersion = 10.0.40219.1
Project("{FAE04EC0-301F-11D3-BF4B-00C04F79EFBC}") = "XGame.Domain", "XGame.Domain\XGame.Domain.csproj", "{702FDC90-BB8B-412B-8991-B1C2C251C2EC}"
EndProject
Project("{FAE04EC0-301F-11D3-BF4B-00C04F79EFBC}") = "XGame.AppConsole", "XGame.AppConsole\XGame.AppConsole.csproj", "{F383259A-7DC8-456D-A3CB-4DE5410C06FA}"
EndProject
Project("{FAE04EC0-301F-11D3-BF4B-00C04F79EFBC}") = "XGame.Infra", "XGame.Infra\XGame.Infra.csproj", "{B09A6382-360D-4A54-BDEC-7DD253A78C27}"
EndProject
Project("{FAE04EC0-301F-11D3-BF4B-00C04F79EFBC}") = "XGame.IoC", "XGame.IoC\XGame.IoC.csproj", "{A27179D1-8528-4D60-BBEA-69424D200D73}"
EndProject
Project("{FAE04EC0-301F-11D3-BF4B-00C04F79EFBC}") = "XGame.Api", "XGame.Api\XGame.Api.csproj", "{9DD76A72-D70D-4C77-A198-156995C9A8EB}"
EndProject
Global
	GlobalSection(SolutionConfigurationPlatforms) = preSolution
		Debug|Any CPU = Debug|Any CPU
		Release|Any CPU = Release|Any CPU
	EndGlobalSection
	GlobalSection(ProjectConfigurationPlatforms) = postSolution
		{702FDC90-BB8B-412B-8991-B1C2C251C2EC}.Debug|Any CPU.ActiveCfg = Debug|Any CPU
		{702FDC90-BB8B-412B-8991-B1C2C251C2EC}.Debug|Any CPU.Build.0 = Debug|Any CPU
		{702FDC90-BB8B-412B-8991-B1C2C251C2EC}.Release|Any CPU.ActiveCfg = Release|Any CPU
		{702FDC90-BB8B-412B-8991-B1C2C251C2EC}.Release|Any CPU.Build.0 = Release|Any CPU
		{F383259A-7DC8-456D-A3CB-4DE5410C06FA}.Debug|Any CPU.ActiveCfg = Debug|Any CPU
		{F383259A-7DC8-456D-A3CB-4DE5410C06FA}.Debug|Any CPU.Build.0 = Debug|Any CPU
		{F383259A-7DC8-456D-A3CB-4DE5410C06FA}.Release|Any CPU.ActiveCfg = Release|Any CPU
		{F383259A-7DC8-456D-A3CB-4DE5410C06FA}.Release|Any CPU.Build.0 = Release|Any CPU
		{B09A6382-360D-4A54-BDEC-7DD253A78C27}.Debug|Any CPU.ActiveCfg = Debug|Any CPU
		{B09A6382-360D-4A54-BDEC-7DD253A78C27}.Debug|Any CPU.Build.0 = Debug|Any CPU
		{B09A6382-360D-4A54-BDEC-7DD253A78C27}.Release|Any CPU.ActiveCfg = Release|Any CPU
		{B09A6382-360D-4A54-BDEC-7DD253A78C27}.Release|Any CPU.Build.0 = Release|Any CPU
		{A27179D1-8528-4D60-BBEA-69424D200D73}.Debug|Any CPU.ActiveCfg = Debug|Any CPU
		{A27179D1-8528-4D60-BBEA-69424D200D73}.Debug|Any CPU.Build.0 = Debug|Any CPU
		{A27179D1-8528-4D60-BBEA-69424D200D73}.Release|Any CPU.ActiveCfg = Release|Any CPU
		{A27179D1-8528-4D60-BBEA-69424D200D73}.Release|Any CPU.Build.0 = Release|Any CPU
		{9DD76A72-D70D-4C77-A198-156995C9A8EB}.Debug|Any CPU.ActiveCfg = Debug|Any CPU
		{9DD76A72-D70D-4C77-A198-156995C9A8EB}.Debug|Any CPU.Build.0 = Debug|Any CPU
		{9DD76A72-D70D-4C77-A198-156995C9A8EB}.Release|Any CPU.ActiveCfg = Release|Any CPU
		{9DD76A72-D70D-4C77-A198-156995C9A8EB}.Release|Any CPU.Build.0 = Release|Any CPU
	EndGlobalSection
	GlobalSection(SolutionProperties) = preSolution
		HideSolutionNode = FALSE
	EndGlobalSection
	GlobalSection(ExtensibilityGlobals) = postSolution
		SolutionGuid = {740D2052-7FF7-4D03-84F5-B8C0D618945A}
	EndGlobalSection
EndGlobal
